
Microsoft Visual Studio Solution File, Format Version 12.00
# Visual Studio 15
Project("{FAE04EC0-301F-11D3-BF4B-00C04F79EFBC}") = "UnityEngine.TestRunner", "UnityEngine.TestRunner.csproj", "{88603F9D-1AA8-B6AA-BE52-6E2E3F2874A1}"
EndProject
Project("{FAE04EC0-301F-11D3-BF4B-00C04F79EFBC}") = "Unity.2D.Animation.Triangle.Runtime", "Unity.2D.Animation.Triangle.Runtime.csproj", "{A3D0CE78-E939-FF47-D11A-0558ACCB4631}"
EndProject
Project("{FAE04EC0-301F-11D3-BF4B-00C04F79EFBC}") = "UnityEngine.UI", "UnityEngine.UI.csproj", "{7609E588-D9AD-2134-96F4-D436E7B4FDA7}"
EndProject
Project("{FAE04EC0-301F-11D3-BF4B-00C04F79EFBC}") = "Unity.TextMeshPro", "Unity.TextMeshPro.csproj", "{5E1C4EA4-8125-8E51-7A15-A2E6871626A9}"
EndProject
Project("{FAE04EC0-301F-11D3-BF4B-00C04F79EFBC}") = "Unity.2D.Animation.Runtime", "Unity.2D.Animation.Runtime.csproj", "{451F2FAC-7C94-1C20-2737-0A2B51ABBD1E}"
EndProject
Project("{FAE04EC0-301F-11D3-BF4B-00C04F79EFBC}") = "Unity.Timeline", "Unity.Timeline.csproj", "{85CA53C4-69FF-FE1F-779C-6EB167AC816B}"
EndProject
Project("{FAE04EC0-301F-11D3-BF4B-00C04F79EFBC}") = "Unity.Mathematics", "Unity.Mathematics.csproj", "{00D4DA50-36C5-3665-1676-40336839CD30}"
EndProject
Project("{FAE04EC0-301F-11D3-BF4B-00C04F79EFBC}") = "Unity.2D.SpriteShape.Runtime", "Unity.2D.SpriteShape.Runtime.csproj", "{CB1CA89D-A8FF-DEEE-04FC-BA897C525DCE}"
EndProject
Project("{FAE04EC0-301F-11D3-BF4B-00C04F79EFBC}") = "Unity.2D.PixelPerfect", "Unity.2D.PixelPerfect.csproj", "{B51E282D-C6BD-0A12-68AD-23DBB10C2D22}"
EndProject
Project("{FAE04EC0-301F-11D3-BF4B-00C04F79EFBC}") = "Unity.InternalAPIEngineBridge.001", "Unity.InternalAPIEngineBridge.001.csproj", "{C9C41747-3E0D-06EA-C342-92227578A0DA}"
EndProject
Project("{FAE04EC0-301F-11D3-BF4B-00C04F79EFBC}") = "Assembly-CSharp", "Assembly-CSharp.csproj", "{FEA03FB0-0713-151B-B422-E815F917F7A7}"
EndProject
Project("{FAE04EC0-301F-11D3-BF4B-00C04F79EFBC}") = "Unity.2D.Common.Runtime", "Unity.2D.Common.Runtime.csproj", "{F0C0720B-46F1-F459-ECEB-A47242DE8DED}"
EndProject
Project("{FAE04EC0-301F-11D3-BF4B-00C04F79EFBC}") = "UnityEditor.TestRunner", "UnityEditor.TestRunner.csproj", "{DAE0A34B-C503-E31C-50E5-F23808547C40}"
EndProject
Project("{FAE04EC0-301F-11D3-BF4B-00C04F79EFBC}") = "Unity.TextMeshPro.Editor", "Unity.TextMeshPro.Editor.csproj", "{7007A2ED-6761-094C-17FC-1A577D7E2D1A}"
EndProject
Project("{FAE04EC0-301F-11D3-BF4B-00C04F79EFBC}") = "Unity.Timeline.Editor", "Unity.Timeline.Editor.csproj", "{212A6A52-2DAA-28CF-0250-8874E5C88685}"
EndProject
Project("{FAE04EC0-301F-11D3-BF4B-00C04F79EFBC}") = "Unity.2D.Animation.Editor", "Unity.2D.Animation.Editor.csproj", "{3C93DE0C-5626-A25A-E7FE-BA777F334207}"
EndProject
Project("{FAE04EC0-301F-11D3-BF4B-00C04F79EFBC}") = "Unity.2D.Path.Editor", "Unity.2D.Path.Editor.csproj", "{86E5FC5B-33CE-596B-0379-9E80B9032798}"
EndProject
Project("{FAE04EC0-301F-11D3-BF4B-00C04F79EFBC}") = "Unity.2D.Sprite.Editor", "Unity.2D.Sprite.Editor.csproj", "{20C60575-9897-88A5-D18B-B62A5C9FFDB2}"
EndProject
Project("{FAE04EC0-301F-11D3-BF4B-00C04F79EFBC}") = "UnityEditor.UI", "UnityEditor.UI.csproj", "{DCB70A5E-CEF4-8DA1-32C1-1F178D537E20}"
EndProject
Project("{FAE04EC0-301F-11D3-BF4B-00C04F79EFBC}") = "Unity.Rider.Editor", "Unity.Rider.Editor.csproj", "{90555414-52D5-5CE2-6AE1-39B34089F6DA}"
EndProject
Project("{FAE04EC0-301F-11D3-BF4B-00C04F79EFBC}") = "Unity.2D.Tilemap.Editor", "Unity.2D.Tilemap.Editor.csproj", "{461614DD-2B8D-B8CE-6E32-ABAA7D68BB3E}"
EndProject
Project("{FAE04EC0-301F-11D3-BF4B-00C04F79EFBC}") = "Unity.2D.SpriteShape.Editor", "Unity.2D.SpriteShape.Editor.csproj", "{11FEF174-B909-2599-12A9-AA3126392E31}"
EndProject
Project("{FAE04EC0-301F-11D3-BF4B-00C04F79EFBC}") = "PsdPlugin", "PsdPlugin.csproj", "{438F9E64-03F2-5ED5-49FD-CB22CF90D457}"
EndProject
Project("{FAE04EC0-301F-11D3-BF4B-00C04F79EFBC}") = "Unity.CollabProxy.Editor", "Unity.CollabProxy.Editor.csproj", "{55F8201A-D248-A040-9AF6-1C5077ED56F4}"
EndProject
Project("{FAE04EC0-301F-11D3-BF4B-00C04F79EFBC}") = "Unity.2D.Common.Editor", "Unity.2D.Common.Editor.csproj", "{21017866-7E87-57FB-7872-3879F67640D1}"
EndProject
Project("{FAE04EC0-301F-11D3-BF4B-00C04F79EFBC}") = "Unity.VSCode.Editor", "Unity.VSCode.Editor.csproj", "{ABAF7D82-6362-8973-AD05-6C9274CFF622}"
EndProject
Project("{FAE04EC0-301F-11D3-BF4B-00C04F79EFBC}") = "Unity.2D.Psdimporter.Editor", "Unity.2D.Psdimporter.Editor.csproj", "{E7D20311-E00F-3886-59AB-875976F04CAB}"
EndProject
Project("{FAE04EC0-301F-11D3-BF4B-00C04F79EFBC}") = "Unity.2D.PixelPerfect.Editor", "Unity.2D.PixelPerfect.Editor.csproj", "{5C927ECD-DAEB-6B24-6F5A-73982EDF1F36}"
EndProject
Project("{FAE04EC0-301F-11D3-BF4B-00C04F79EFBC}") = "Unity.Mathematics.Editor", "Unity.Mathematics.Editor.csproj", "{AC6DD5BE-14A7-A78F-E6DA-8FC95FE40731}"
EndProject
Project("{FAE04EC0-301F-11D3-BF4B-00C04F79EFBC}") = "Unity.InternalAPIEditorBridge.001", "Unity.InternalAPIEditorBridge.001.csproj", "{2CE85B21-7A00-6912-A8C8-B0C73C09FE9D}"
EndProject
Global
	GlobalSection(SolutionConfigurationPlatforms) = preSolution
		Debug|Any CPU = Debug|Any CPU
		Release|Any CPU = Release|Any CPU
	EndGlobalSection
	GlobalSection(ProjectConfigurationPlatforms) = postSolution
		{88603F9D-1AA8-B6AA-BE52-6E2E3F2874A1}.Debug|Any CPU.ActiveCfg = Debug|Any CPU
		{88603F9D-1AA8-B6AA-BE52-6E2E3F2874A1}.Debug|Any CPU.Build.0 = Debug|Any CPU
		{88603F9D-1AA8-B6AA-BE52-6E2E3F2874A1}.Release|Any CPU.ActiveCfg = Release|Any CPU
		{88603F9D-1AA8-B6AA-BE52-6E2E3F2874A1}.Release|Any CPU.Build.0 = Release|Any CPU
		{A3D0CE78-E939-FF47-D11A-0558ACCB4631}.Debug|Any CPU.ActiveCfg = Debug|Any CPU
		{A3D0CE78-E939-FF47-D11A-0558ACCB4631}.Debug|Any CPU.Build.0 = Debug|Any CPU
		{A3D0CE78-E939-FF47-D11A-0558ACCB4631}.Release|Any CPU.ActiveCfg = Release|Any CPU
		{A3D0CE78-E939-FF47-D11A-0558ACCB4631}.Release|Any CPU.Build.0 = Release|Any CPU
		{7609E588-D9AD-2134-96F4-D436E7B4FDA7}.Debug|Any CPU.ActiveCfg = Debug|Any CPU
		{7609E588-D9AD-2134-96F4-D436E7B4FDA7}.Debug|Any CPU.Build.0 = Debug|Any CPU
		{7609E588-D9AD-2134-96F4-D436E7B4FDA7}.Release|Any CPU.ActiveCfg = Release|Any CPU
		{7609E588-D9AD-2134-96F4-D436E7B4FDA7}.Release|Any CPU.Build.0 = Release|Any CPU
		{5E1C4EA4-8125-8E51-7A15-A2E6871626A9}.Debug|Any CPU.ActiveCfg = Debug|Any CPU
		{5E1C4EA4-8125-8E51-7A15-A2E6871626A9}.Debug|Any CPU.Build.0 = Debug|Any CPU
		{5E1C4EA4-8125-8E51-7A15-A2E6871626A9}.Release|Any CPU.ActiveCfg = Release|Any CPU
		{5E1C4EA4-8125-8E51-7A15-A2E6871626A9}.Release|Any CPU.Build.0 = Release|Any CPU
		{451F2FAC-7C94-1C20-2737-0A2B51ABBD1E}.Debug|Any CPU.ActiveCfg = Debug|Any CPU
		{451F2FAC-7C94-1C20-2737-0A2B51ABBD1E}.Debug|Any CPU.Build.0 = Debug|Any CPU
		{451F2FAC-7C94-1C20-2737-0A2B51ABBD1E}.Release|Any CPU.ActiveCfg = Release|Any CPU
		{451F2FAC-7C94-1C20-2737-0A2B51ABBD1E}.Release|Any CPU.Build.0 = Release|Any CPU
		{85CA53C4-69FF-FE1F-779C-6EB167AC816B}.Debug|Any CPU.ActiveCfg = Debug|Any CPU
		{85CA53C4-69FF-FE1F-779C-6EB167AC816B}.Debug|Any CPU.Build.0 = Debug|Any CPU
		{85CA53C4-69FF-FE1F-779C-6EB167AC816B}.Release|Any CPU.ActiveCfg = Release|Any CPU
		{85CA53C4-69FF-FE1F-779C-6EB167AC816B}.Release|Any CPU.Build.0 = Release|Any CPU
		{00D4DA50-36C5-3665-1676-40336839CD30}.Debug|Any CPU.ActiveCfg = Debug|Any CPU
		{00D4DA50-36C5-3665-1676-40336839CD30}.Debug|Any CPU.Build.0 = Debug|Any CPU
		{00D4DA50-36C5-3665-1676-40336839CD30}.Release|Any CPU.ActiveCfg = Release|Any CPU
		{00D4DA50-36C5-3665-1676-40336839CD30}.Release|Any CPU.Build.0 = Release|Any CPU
		{CB1CA89D-A8FF-DEEE-04FC-BA897C525DCE}.Debug|Any CPU.ActiveCfg = Debug|Any CPU
		{CB1CA89D-A8FF-DEEE-04FC-BA897C525DCE}.Debug|Any CPU.Build.0 = Debug|Any CPU
		{CB1CA89D-A8FF-DEEE-04FC-BA897C525DCE}.Release|Any CPU.ActiveCfg = Release|Any CPU
		{CB1CA89D-A8FF-DEEE-04FC-BA897C525DCE}.Release|Any CPU.Build.0 = Release|Any CPU
		{B51E282D-C6BD-0A12-68AD-23DBB10C2D22}.Debug|Any CPU.ActiveCfg = Debug|Any CPU
		{B51E282D-C6BD-0A12-68AD-23DBB10C2D22}.Debug|Any CPU.Build.0 = Debug|Any CPU
		{B51E282D-C6BD-0A12-68AD-23DBB10C2D22}.Release|Any CPU.ActiveCfg = Release|Any CPU
		{B51E282D-C6BD-0A12-68AD-23DBB10C2D22}.Release|Any CPU.Build.0 = Release|Any CPU
		{C9C41747-3E0D-06EA-C342-92227578A0DA}.Debug|Any CPU.ActiveCfg = Debug|Any CPU
		{C9C41747-3E0D-06EA-C342-92227578A0DA}.Debug|Any CPU.Build.0 = Debug|Any CPU
		{C9C41747-3E0D-06EA-C342-92227578A0DA}.Release|Any CPU.ActiveCfg = Release|Any CPU
		{C9C41747-3E0D-06EA-C342-92227578A0DA}.Release|Any CPU.Build.0 = Release|Any CPU
		{FEA03FB0-0713-151B-B422-E815F917F7A7}.Debug|Any CPU.ActiveCfg = Debug|Any CPU
		{FEA03FB0-0713-151B-B422-E815F917F7A7}.Debug|Any CPU.Build.0 = Debug|Any CPU
		{FEA03FB0-0713-151B-B422-E815F917F7A7}.Release|Any CPU.ActiveCfg = Release|Any CPU
		{FEA03FB0-0713-151B-B422-E815F917F7A7}.Release|Any CPU.Build.0 = Release|Any CPU
		{F0C0720B-46F1-F459-ECEB-A47242DE8DED}.Debug|Any CPU.ActiveCfg = Debug|Any CPU
		{F0C0720B-46F1-F459-ECEB-A47242DE8DED}.Debug|Any CPU.Build.0 = Debug|Any CPU
		{F0C0720B-46F1-F459-ECEB-A47242DE8DED}.Release|Any CPU.ActiveCfg = Release|Any CPU
		{F0C0720B-46F1-F459-ECEB-A47242DE8DED}.Release|Any CPU.Build.0 = Release|Any CPU
		{DAE0A34B-C503-E31C-50E5-F23808547C40}.Debug|Any CPU.ActiveCfg = Debug|Any CPU
		{DAE0A34B-C503-E31C-50E5-F23808547C40}.Debug|Any CPU.Build.0 = Debug|Any CPU
		{DAE0A34B-C503-E31C-50E5-F23808547C40}.Release|Any CPU.ActiveCfg = Release|Any CPU
		{DAE0A34B-C503-E31C-50E5-F23808547C40}.Release|Any CPU.Build.0 = Release|Any CPU
		{7007A2ED-6761-094C-17FC-1A577D7E2D1A}.Debug|Any CPU.ActiveCfg = Debug|Any CPU
		{7007A2ED-6761-094C-17FC-1A577D7E2D1A}.Debug|Any CPU.Build.0 = Debug|Any CPU
		{7007A2ED-6761-094C-17FC-1A577D7E2D1A}.Release|Any CPU.ActiveCfg = Release|Any CPU
		{7007A2ED-6761-094C-17FC-1A577D7E2D1A}.Release|Any CPU.Build.0 = Release|Any CPU
		{212A6A52-2DAA-28CF-0250-8874E5C88685}.Debug|Any CPU.ActiveCfg = Debug|Any CPU
		{212A6A52-2DAA-28CF-0250-8874E5C88685}.Debug|Any CPU.Build.0 = Debug|Any CPU
		{212A6A52-2DAA-28CF-0250-8874E5C88685}.Release|Any CPU.ActiveCfg = Release|Any CPU
		{212A6A52-2DAA-28CF-0250-8874E5C88685}.Release|Any CPU.Build.0 = Release|Any CPU
		{3C93DE0C-5626-A25A-E7FE-BA777F334207}.Debug|Any CPU.ActiveCfg = Debug|Any CPU
		{3C93DE0C-5626-A25A-E7FE-BA777F334207}.Debug|Any CPU.Build.0 = Debug|Any CPU
		{3C93DE0C-5626-A25A-E7FE-BA777F334207}.Release|Any CPU.ActiveCfg = Release|Any CPU
		{3C93DE0C-5626-A25A-E7FE-BA777F334207}.Release|Any CPU.Build.0 = Release|Any CPU
		{86E5FC5B-33CE-596B-0379-9E80B9032798}.Debug|Any CPU.ActiveCfg = Debug|Any CPU
		{86E5FC5B-33CE-596B-0379-9E80B9032798}.Debug|Any CPU.Build.0 = Debug|Any CPU
		{86E5FC5B-33CE-596B-0379-9E80B9032798}.Release|Any CPU.ActiveCfg = Release|Any CPU
		{86E5FC5B-33CE-596B-0379-9E80B9032798}.Release|Any CPU.Build.0 = Release|Any CPU
		{20C60575-9897-88A5-D18B-B62A5C9FFDB2}.Debug|Any CPU.ActiveCfg = Debug|Any CPU
		{20C60575-9897-88A5-D18B-B62A5C9FFDB2}.Debug|Any CPU.Build.0 = Debug|Any CPU
		{20C60575-9897-88A5-D18B-B62A5C9FFDB2}.Release|Any CPU.ActiveCfg = Release|Any CPU
		{20C60575-9897-88A5-D18B-B62A5C9FFDB2}.Release|Any CPU.Build.0 = Release|Any CPU
		{DCB70A5E-CEF4-8DA1-32C1-1F178D537E20}.Debug|Any CPU.ActiveCfg = Debug|Any CPU
		{DCB70A5E-CEF4-8DA1-32C1-1F178D537E20}.Debug|Any CPU.Build.0 = Debug|Any CPU
		{DCB70A5E-CEF4-8DA1-32C1-1F178D537E20}.Release|Any CPU.ActiveCfg = Release|Any CPU
		{DCB70A5E-CEF4-8DA1-32C1-1F178D537E20}.Release|Any CPU.Build.0 = Release|Any CPU
		{90555414-52D5-5CE2-6AE1-39B34089F6DA}.Debug|Any CPU.ActiveCfg = Debug|Any CPU
		{90555414-52D5-5CE2-6AE1-39B34089F6DA}.Debug|Any CPU.Build.0 = Debug|Any CPU
		{90555414-52D5-5CE2-6AE1-39B34089F6DA}.Release|Any CPU.ActiveCfg = Release|Any CPU
		{90555414-52D5-5CE2-6AE1-39B34089F6DA}.Release|Any CPU.Build.0 = Release|Any CPU
		{461614DD-2B8D-B8CE-6E32-ABAA7D68BB3E}.Debug|Any CPU.ActiveCfg = Debug|Any CPU
		{461614DD-2B8D-B8CE-6E32-ABAA7D68BB3E}.Debug|Any CPU.Build.0 = Debug|Any CPU
		{461614DD-2B8D-B8CE-6E32-ABAA7D68BB3E}.Release|Any CPU.ActiveCfg = Release|Any CPU
		{461614DD-2B8D-B8CE-6E32-ABAA7D68BB3E}.Release|Any CPU.Build.0 = Release|Any CPU
		{11FEF174-B909-2599-12A9-AA3126392E31}.Debug|Any CPU.ActiveCfg = Debug|Any CPU
		{11FEF174-B909-2599-12A9-AA3126392E31}.Debug|Any CPU.Build.0 = Debug|Any CPU
		{11FEF174-B909-2599-12A9-AA3126392E31}.Release|Any CPU.ActiveCfg = Release|Any CPU
		{11FEF174-B909-2599-12A9-AA3126392E31}.Release|Any CPU.Build.0 = Release|Any CPU
		{438F9E64-03F2-5ED5-49FD-CB22CF90D457}.Debug|Any CPU.ActiveCfg = Debug|Any CPU
		{438F9E64-03F2-5ED5-49FD-CB22CF90D457}.Debug|Any CPU.Build.0 = Debug|Any CPU
		{438F9E64-03F2-5ED5-49FD-CB22CF90D457}.Release|Any CPU.ActiveCfg = Release|Any CPU
		{438F9E64-03F2-5ED5-49FD-CB22CF90D457}.Release|Any CPU.Build.0 = Release|Any CPU
		{55F8201A-D248-A040-9AF6-1C5077ED56F4}.Debug|Any CPU.ActiveCfg = Debug|Any CPU
		{55F8201A-D248-A040-9AF6-1C5077ED56F4}.Debug|Any CPU.Build.0 = Debug|Any CPU
		{55F8201A-D248-A040-9AF6-1C5077ED56F4}.Release|Any CPU.ActiveCfg = Release|Any CPU
		{55F8201A-D248-A040-9AF6-1C5077ED56F4}.Release|Any CPU.Build.0 = Release|Any CPU
		{21017866-7E87-57FB-7872-3879F67640D1}.Debug|Any CPU.ActiveCfg = Debug|Any CPU
		{21017866-7E87-57FB-7872-3879F67640D1}.Debug|Any CPU.Build.0 = Debug|Any CPU
		{21017866-7E87-57FB-7872-3879F67640D1}.Release|Any CPU.ActiveCfg = Release|Any CPU
		{21017866-7E87-57FB-7872-3879F67640D1}.Release|Any CPU.Build.0 = Release|Any CPU
		{ABAF7D82-6362-8973-AD05-6C9274CFF622}.Debug|Any CPU.ActiveCfg = Debug|Any CPU
		{ABAF7D82-6362-8973-AD05-6C9274CFF622}.Debug|Any CPU.Build.0 = Debug|Any CPU
		{ABAF7D82-6362-8973-AD05-6C9274CFF622}.Release|Any CPU.ActiveCfg = Release|Any CPU
		{ABAF7D82-6362-8973-AD05-6C9274CFF622}.Release|Any CPU.Build.0 = Release|Any CPU
		{E7D20311-E00F-3886-59AB-875976F04CAB}.Debug|Any CPU.ActiveCfg = Debug|Any CPU
		{E7D20311-E00F-3886-59AB-875976F04CAB}.Debug|Any CPU.Build.0 = Debug|Any CPU
		{E7D20311-E00F-3886-59AB-875976F04CAB}.Release|Any CPU.ActiveCfg = Release|Any CPU
		{E7D20311-E00F-3886-59AB-875976F04CAB}.Release|Any CPU.Build.0 = Release|Any CPU
		{5C927ECD-DAEB-6B24-6F5A-73982EDF1F36}.Debug|Any CPU.ActiveCfg = Debug|Any CPU
		{5C927ECD-DAEB-6B24-6F5A-73982EDF1F36}.Debug|Any CPU.Build.0 = Debug|Any CPU
		{5C927ECD-DAEB-6B24-6F5A-73982EDF1F36}.Release|Any CPU.ActiveCfg = Release|Any CPU
		{5C927ECD-DAEB-6B24-6F5A-73982EDF1F36}.Release|Any CPU.Build.0 = Release|Any CPU
		{AC6DD5BE-14A7-A78F-E6DA-8FC95FE40731}.Debug|Any CPU.ActiveCfg = Debug|Any CPU
		{AC6DD5BE-14A7-A78F-E6DA-8FC95FE40731}.Debug|Any CPU.Build.0 = Debug|Any CPU
		{AC6DD5BE-14A7-A78F-E6DA-8FC95FE40731}.Release|Any CPU.ActiveCfg = Release|Any CPU
		{AC6DD5BE-14A7-A78F-E6DA-8FC95FE40731}.Release|Any CPU.Build.0 = Release|Any CPU
		{2CE85B21-7A00-6912-A8C8-B0C73C09FE9D}.Debug|Any CPU.ActiveCfg = Debug|Any CPU
		{2CE85B21-7A00-6912-A8C8-B0C73C09FE9D}.Debug|Any CPU.Build.0 = Debug|Any CPU
		{2CE85B21-7A00-6912-A8C8-B0C73C09FE9D}.Release|Any CPU.ActiveCfg = Release|Any CPU
		{2CE85B21-7A00-6912-A8C8-B0C73C09FE9D}.Release|Any CPU.Build.0 = Release|Any CPU
	EndGlobalSection
	GlobalSection(SolutionProperties) = preSolution
		HideSolutionNode = FALSE
	EndGlobalSection
EndGlobal
